github.com/google/go-cmp v0.5.2/go.mod h1:v8dTdLbMG2kIc/vJvl+f65V22dbkXbowE6jgT/gNBxE=
github.com/google/go-cmp v0.5.8 h1:e6P7q2lk1O+qJJb4BtCQXlK8vWEO8V1ZeuEdJNOqZyg=
github.com/google/go-github/v47 v47.0.0 h1:eQap5bIRZibukP0VhngWgpuM0zhY4xntqOzn6DhdkE4=
github.com/google/go-github/v47 v47.0.0/go.mod h1:DRjdvizXE876j0YOZwInB1ESpOcU/xFBClNiQLSdorE=
github.com/google/go-querystring v1.1.0 h1:AnCroh3fv4ZBgVIf1Iwtovgjaw/GiKJo8M8yD/fhyJ8=
github.com/google/go-querystring v1.1.0/go.mod h1:Kcdr2DB4koayq7X8pmAG4sNG59So17icRSOU623lUBU=
golang.org/x/crypto v0.0.0-20210817164053-32db794688a5 h1:HWj/xjIHfjYU5nVXpTM0s39J9CbLn7Cc5a7IC5rwsMQ=
golang.org/x/crypto v0.0.0-20210817164053-32db794688a5/go.mod h1:GvvjBRRGRdwPK5ydBHafDWAxML/pGHZbMvKqRZ5+Abc=
golang.org/x/sync v0.0.0-20210220032951-036812b2e83c h1:5KslGYwFpkhGh+Q16bwMP3cOontH8FOep7tGV86Y7SQ=
golang.org/x/sync v0.0.0-20210220032951-036812b2e83c/go.mod h1:RxMgew5VJxzue5/jJTE5uejpjVlOe/izrB70Jof72aM=
golang.org/x/sys v0.0.0-20211216021012-1d35b9e2eb4e h1:fLOSk5Q00efkSvAm+4xcoXD+RRmLmmulPn5I3Y9F2EM=
golang.org/x/sys v0.0.0-20211216021012-1d35b9e2eb4e/go.mod h1:oPkhp1MJrh7nUepCBck5+mAzfO9JrbApNNgaTdGDITg=
golang.org/x/xerrors v0.0.0-20191204190536-9bdfabe68543/go.mod h1:I/5z698sn9Ka8TeJc9MKroUUfqBBauWjQqLJ2OPfmY0=
gopkg.in/freddierice/go-losetup.v1 v1.0.0-20170407175016-fc9adea44124 h1:aPcd9iBdqpFyYkoGRQbQd+asp162GIRDvAVB0FhLxhc=
gopkg.in/freddierice/go-losetup.v1 v1.0.0-20170407175016-fc9adea44124/go.mod h1:6LXpUYtVsrx91XiupFRJ8jVKOqLZf5PrbEVSGHta/84=
